
Microsoft Visual Studio Solution File, Format Version 12.00
# Visual Studio Version 17
VisualStudioVersion = 17.5.002.0
MinimumVisualStudioVersion = 10.0.40219.1
Project("{9A19103F-16F7-4668-BE54-9A1E7A4F7556}") = "task-api", "task-api.csproj", "{54D198EB-14D6-4BF3-8FAC-F504427ABE7D}"
EndProject
Global
	GlobalSection(SolutionConfigurationPlatforms) = preSolution
		Debug|Any CPU = Debug|Any CPU
		Release|Any CPU = Release|Any CPU
	EndGlobalSection
	GlobalSection(ProjectConfigurationPlatforms) = postSolution
		{54D198EB-14D6-4BF3-8FAC-F504427ABE7D}.Debug|Any CPU.ActiveCfg = Debug|Any CPU
		{54D198EB-14D6-4BF3-8FAC-F504427ABE7D}.Debug|Any CPU.Build.0 = Debug|Any CPU
		{54D198EB-14D6-4BF3-8FAC-F504427ABE7D}.Release|Any CPU.ActiveCfg = Release|Any CPU
		{54D198EB-14D6-4BF3-8FAC-F504427ABE7D}.Release|Any CPU.Build.0 = Release|Any CPU
	EndGlobalSection
	GlobalSection(SolutionProperties) = preSolution
		HideSolutionNode = FALSE
	EndGlobalSection
	GlobalSection(ExtensibilityGlobals) = postSolution
		SolutionGuid = {0E1BA102-DF0F-4216-A535-35E15BB90235}
	EndGlobalSection
EndGlobal
